
Microsoft Visual Studio Solution File, Format Version 12.00
# Visual Studio Version 16
VisualStudioVersion = 16.0.31402.337
MinimumVisualStudioVersion = 10.0.40219.1
Project("{FAE04EC0-301F-11D3-BF4B-00C04F79EFBC}") = "ConsolePlayerUtil", "ConsolePlayerUtil\ConsolePlayerUtil.csproj", "{FFEFFC24-5B20-43A5-BF4C-265E7C100D4F}"
EndProject
Global
	GlobalSection(SolutionConfigurationPlatforms) = preSolution
		Debug|Any CPU = Debug|Any CPU
		Release|Any CPU = Release|Any CPU
	EndGlobalSection
	GlobalSection(ProjectConfigurationPlatforms) = postSolution
		{FFEFFC24-5B20-43A5-BF4C-265E7C100D4F}.Debug|Any CPU.ActiveCfg = Debug|Any CPU
		{FFEFFC24-5B20-43A5-BF4C-265E7C100D4F}.Debug|Any CPU.Build.0 = Debug|Any CPU
		{FFEFFC24-5B20-43A5-BF4C-265E7C100D4F}.Release|Any CPU.ActiveCfg = Release|Any CPU
		{FFEFFC24-5B20-43A5-BF4C-265E7C100D4F}.Release|Any CPU.Build.0 = Release|Any CPU
	EndGlobalSection
	GlobalSection(SolutionProperties) = preSolution
		HideSolutionNode = FALSE
	EndGlobalSection
	GlobalSection(ExtensibilityGlobals) = postSolution
		SolutionGuid = {E084370C-590F-4285-8B60-C551BCC4B0C5}
	EndGlobalSection
EndGlobal
